
Microsoft Visual Studio Solution File, Format Version 12.00
# Visual Studio Version 17
VisualStudioVersion = 17.13.36105.23 d17.13
MinimumVisualStudioVersion = 10.0.40219.1
Project("{FAE04EC0-301F-11D3-BF4B-00C04F79EFBC}") = "URL-Shortener", "URL-Shortener\URL-Shortener.csproj", "{D11DBB37-6362-4A7A-80E9-A824BE239C1C}"
EndProject
Project("{FAE04EC0-301F-11D3-BF4B-00C04F79EFBC}") = "URL-Shortener.Core", "URL-Shortener.Core\URL-Shortener.Core.csproj", "{EE836113-DF63-4CBF-A11A-023B87D69FFE}"
EndProject
Project("{FAE04EC0-301F-11D3-BF4B-00C04F79EFBC}") = "URL-Shortener.EF", "URL-Shortener.EF\URL-Shortener.EF.csproj", "{918F7A4A-19AC-461C-92D0-5B994B504EFF}"
EndProject
Global
	GlobalSection(SolutionConfigurationPlatforms) = preSolution
		Debug|Any CPU = Debug|Any CPU
		Release|Any CPU = Release|Any CPU
	EndGlobalSection
	GlobalSection(ProjectConfigurationPlatforms) = postSolution
		{D11DBB37-6362-4A7A-80E9-A824BE239C1C}.Debug|Any CPU.ActiveCfg = Debug|Any CPU
		{D11DBB37-6362-4A7A-80E9-A824BE239C1C}.Debug|Any CPU.Build.0 = Debug|Any CPU
		{D11DBB37-6362-4A7A-80E9-A824BE239C1C}.Release|Any CPU.ActiveCfg = Release|Any CPU
		{D11DBB37-6362-4A7A-80E9-A824BE239C1C}.Release|Any CPU.Build.0 = Release|Any CPU
		{EE836113-DF63-4CBF-A11A-023B87D69FFE}.Debug|Any CPU.ActiveCfg = Debug|Any CPU
		{EE836113-DF63-4CBF-A11A-023B87D69FFE}.Debug|Any CPU.Build.0 = Debug|Any CPU
		{EE836113-DF63-4CBF-A11A-023B87D69FFE}.Release|Any CPU.ActiveCfg = Release|Any CPU
		{EE836113-DF63-4CBF-A11A-023B87D69FFE}.Release|Any CPU.Build.0 = Release|Any CPU
		{918F7A4A-19AC-461C-92D0-5B994B504EFF}.Debug|Any CPU.ActiveCfg = Debug|Any CPU
		{918F7A4A-19AC-461C-92D0-5B994B504EFF}.Debug|Any CPU.Build.0 = Debug|Any CPU
		{918F7A4A-19AC-461C-92D0-5B994B504EFF}.Release|Any CPU.ActiveCfg = Release|Any CPU
		{918F7A4A-19AC-461C-92D0-5B994B504EFF}.Release|Any CPU.Build.0 = Release|Any CPU
	EndGlobalSection
	GlobalSection(SolutionProperties) = preSolution
		HideSolutionNode = FALSE
	EndGlobalSection
	GlobalSection(ExtensibilityGlobals) = postSolution
		SolutionGuid = {25251E7A-B6BA-4C31-8FDC-1B0A2BC5600D}
	EndGlobalSection
EndGlobal
